
Microsoft Visual Studio Solution File, Format Version 12.00
# Visual Studio Version 16
VisualStudioVersion = 16.0.34729.46
MinimumVisualStudioVersion = 10.0.40219.1
Project("{FAE04EC0-301F-11D3-BF4B-00C04F79EFBC}") = "24-", "24-\24-.csproj", "{A8E10F96-9D7D-4402-9701-5C95F4C41AFE}"
EndProject
Global
	GlobalSection(SolutionConfigurationPlatforms) = preSolution
		Debug|Any CPU = Debug|Any CPU
		Release|Any CPU = Release|Any CPU
	EndGlobalSection
	GlobalSection(ProjectConfigurationPlatforms) = postSolution
		{A8E10F96-9D7D-4402-9701-5C95F4C41AFE}.Debug|Any CPU.ActiveCfg = Debug|Any CPU
		{A8E10F96-9D7D-4402-9701-5C95F4C41AFE}.Debug|Any CPU.Build.0 = Debug|Any CPU
		{A8E10F96-9D7D-4402-9701-5C95F4C41AFE}.Release|Any CPU.ActiveCfg = Release|Any CPU
		{A8E10F96-9D7D-4402-9701-5C95F4C41AFE}.Release|Any CPU.Build.0 = Release|Any CPU
	EndGlobalSection
	GlobalSection(SolutionProperties) = preSolution
		HideSolutionNode = FALSE
	EndGlobalSection
	GlobalSection(ExtensibilityGlobals) = postSolution
		SolutionGuid = {8B8AFCBB-7431-4E03-A635-DDB6B8A6347E}
	EndGlobalSection
EndGlobal
